{
    "_readme": [
        "This file locks the dependencies of your project to a known state",
        "Read more about it at https://getcomposer.org/doc/01-basic-usage.md#installing-dependencies",
        "This file is @generated automatically"
    ],
    "content-hash": "81aeead881647c0acb0729e73ae3a0be",
    "packages": [
        {
            "name": "obcato/component-api",
            "version": "v1.0.2",
            "source": {
                "type": "git",
                "url": "https://github.com/jimpouwels/obcato-component-api.git",
                "reference": "8c424988c89b315389eb2cc927d16b4bd9911420"
            },
            "dist": {
                "type": "zip",
                "url": "https://api.github.com/repos/jimpouwels/obcato-component-api/zipball/8c424988c89b315389eb2cc927d16b4bd9911420",
                "reference": "8c424988c89b315389eb2cc927d16b4bd9911420",
                "shasum": ""
            },
            "type": "library",
            "autoload": {
                "psr-4": {
                    "Obcato\\ComponentApi\\": "src/"
                }
            },
            "notification-url": "https://packagist.org/downloads/",
            "authors": [
                {
                    "name": "Jim Pouwels",
                    "email": "jim.pouwels@gmail.com"
                }
            ],
            "description": "Custom Component API for Obcato",
            "support": {
                "issues": "https://github.com/jimpouwels/obcato-component-api/issues",
                "source": "https://github.com/jimpouwels/obcato-component-api/tree/v1.0.2"
            },
            "time": "2024-02-18T11:40:58+00:00"
        }
    ],
    "packages-dev": [],
    "aliases": [],
    "minimum-stability": "stable",
    "stability-flags": [],
    "prefer-stable": false,
    "prefer-lowest": false,
    "platform": [],
    "platform-dev": [],
    "plugin-api-version": "2.6.0"
}
